
Microsoft Visual Studio Solution File, Format Version 12.00
# Visual Studio Version 17
VisualStudioVersion = 17.0.31903.59
MinimumVisualStudioVersion = 10.0.40219.1
Project("{2150E333-8FDC-42A3-9474-1A3956D46DE8}") = "src", "src", "{7BD00699-0886-4A37-9793-70AA6003A9AF}"
EndProject
Project("{FAE04EC0-301F-11D3-BF4B-00C04F79EFBC}") = "Shared.Contracts", "src\Shared.Contracts\Shared.Contracts.csproj", "{43860200-F845-457D-B444-96B1E5AE258D}"
EndProject
Project("{FAE04EC0-301F-11D3-BF4B-00C04F79EFBC}") = "Auth.Domain", "src\Auth.Domain\Auth.Domain.csproj", "{1A6097F9-29EE-429C-BD33-F2CEFD23D59D}"
EndProject
Project("{FAE04EC0-301F-11D3-BF4B-00C04F79EFBC}") = "Auth.Application", "src\Auth.Application\Auth.Application.csproj", "{47400178-50E8-4836-B5A9-F350D149B675}"
EndProject
Project("{FAE04EC0-301F-11D3-BF4B-00C04F79EFBC}") = "Auth.Infrastructure", "src\Auth.Infrastructure\Auth.Infrastructure.csproj", "{1717E5A3-3491-4B44-96E4-1B501FD0DD8F}"
EndProject
Project("{FAE04EC0-301F-11D3-BF4B-00C04F79EFBC}") = "Auth.API", "src\Auth.API\Auth.API.csproj", "{296CE9A9-43F5-4A42-80F0-51CB98DC1A2C}"
EndProject
Project("{FAE04EC0-301F-11D3-BF4B-00C04F79EFBC}") = "Orders.Domain", "src\Orders.Domain\Orders.Domain.csproj", "{84999B65-4B53-4321-8A21-F4886D1CBEFF}"
EndProject
Project("{FAE04EC0-301F-11D3-BF4B-00C04F79EFBC}") = "Orders.Application", "src\Orders.Application\Orders.Application.csproj", "{28190DBB-BF05-42AF-9CEC-96E19AA7E514}"
EndProject
Project("{FAE04EC0-301F-11D3-BF4B-00C04F79EFBC}") = "Orders.Infrastructure", "src\Orders.Infrastructure\Orders.Infrastructure.csproj", "{6D03E66B-2AAE-4153-AEED-ED927523A014}"
EndProject
Project("{FAE04EC0-301F-11D3-BF4B-00C04F79EFBC}") = "Orders.API", "src\Orders.API\Orders.API.csproj", "{8F04E161-7029-4CAC-B9D4-681F537D644F}"
EndProject
Project("{FAE04EC0-301F-11D3-BF4B-00C04F79EFBC}") = "Products.Domain", "src\Products.Domain\Products.Domain.csproj", "{899690FC-321C-4F03-A7B8-F4CD5A46E98F}"
EndProject
Project("{FAE04EC0-301F-11D3-BF4B-00C04F79EFBC}") = "Products.Application", "src\Products.Application\Products.Application.csproj", "{C8D46812-F15B-466A-8D74-58F32656EB1A}"
EndProject
Project("{FAE04EC0-301F-11D3-BF4B-00C04F79EFBC}") = "Products.Infrastructure", "src\Products.Infrastructure\Products.Infrastructure.csproj", "{F3F90395-B77C-4C26-B886-C79972DBC231}"
EndProject
Project("{FAE04EC0-301F-11D3-BF4B-00C04F79EFBC}") = "Products.API", "src\Products.API\Products.API.csproj", "{744220B1-A955-4AE3-938F-C25F86B06D60}"
EndProject
Global
	GlobalSection(SolutionConfigurationPlatforms) = preSolution
		Debug|Any CPU = Debug|Any CPU
		Release|Any CPU = Release|Any CPU
	EndGlobalSection
	GlobalSection(SolutionProperties) = preSolution
		HideSolutionNode = FALSE
	EndGlobalSection
	GlobalSection(ProjectConfigurationPlatforms) = postSolution
		{43860200-F845-457D-B444-96B1E5AE258D}.Debug|Any CPU.ActiveCfg = Debug|Any CPU
		{43860200-F845-457D-B444-96B1E5AE258D}.Debug|Any CPU.Build.0 = Debug|Any CPU
		{43860200-F845-457D-B444-96B1E5AE258D}.Release|Any CPU.ActiveCfg = Release|Any CPU
		{43860200-F845-457D-B444-96B1E5AE258D}.Release|Any CPU.Build.0 = Release|Any CPU
		{1A6097F9-29EE-429C-BD33-F2CEFD23D59D}.Debug|Any CPU.ActiveCfg = Debug|Any CPU
		{1A6097F9-29EE-429C-BD33-F2CEFD23D59D}.Debug|Any CPU.Build.0 = Debug|Any CPU
		{1A6097F9-29EE-429C-BD33-F2CEFD23D59D}.Release|Any CPU.ActiveCfg = Release|Any CPU
		{1A6097F9-29EE-429C-BD33-F2CEFD23D59D}.Release|Any CPU.Build.0 = Release|Any CPU
		{47400178-50E8-4836-B5A9-F350D149B675}.Debug|Any CPU.ActiveCfg = Debug|Any CPU
		{47400178-50E8-4836-B5A9-F350D149B675}.Debug|Any CPU.Build.0 = Debug|Any CPU
		{47400178-50E8-4836-B5A9-F350D149B675}.Release|Any CPU.ActiveCfg = Release|Any CPU
		{47400178-50E8-4836-B5A9-F350D149B675}.Release|Any CPU.Build.0 = Release|Any CPU
		{1717E5A3-3491-4B44-96E4-1B501FD0DD8F}.Debug|Any CPU.ActiveCfg = Debug|Any CPU
		{1717E5A3-3491-4B44-96E4-1B501FD0DD8F}.Debug|Any CPU.Build.0 = Debug|Any CPU
		{1717E5A3-3491-4B44-96E4-1B501FD0DD8F}.Release|Any CPU.ActiveCfg = Release|Any CPU
		{1717E5A3-3491-4B44-96E4-1B501FD0DD8F}.Release|Any CPU.Build.0 = Release|Any CPU
		{296CE9A9-43F5-4A42-80F0-51CB98DC1A2C}.Debug|Any CPU.ActiveCfg = Debug|Any CPU
		{296CE9A9-43F5-4A42-80F0-51CB98DC1A2C}.Debug|Any CPU.Build.0 = Debug|Any CPU
		{296CE9A9-43F5-4A42-80F0-51CB98DC1A2C}.Release|Any CPU.ActiveCfg = Release|Any CPU
		{296CE9A9-43F5-4A42-80F0-51CB98DC1A2C}.Release|Any CPU.Build.0 = Release|Any CPU
		{84999B65-4B53-4321-8A21-F4886D1CBEFF}.Debug|Any CPU.ActiveCfg = Debug|Any CPU
		{84999B65-4B53-4321-8A21-F4886D1CBEFF}.Debug|Any CPU.Build.0 = Debug|Any CPU
		{84999B65-4B53-4321-8A21-F4886D1CBEFF}.Release|Any CPU.ActiveCfg = Release|Any CPU
		{84999B65-4B53-4321-8A21-F4886D1CBEFF}.Release|Any CPU.Build.0 = Release|Any CPU
		{28190DBB-BF05-42AF-9CEC-96E19AA7E514}.Debug|Any CPU.ActiveCfg = Debug|Any CPU
		{28190DBB-BF05-42AF-9CEC-96E19AA7E514}.Debug|Any CPU.Build.0 = Debug|Any CPU
		{28190DBB-BF05-42AF-9CEC-96E19AA7E514}.Release|Any CPU.ActiveCfg = Release|Any CPU
		{28190DBB-BF05-42AF-9CEC-96E19AA7E514}.Release|Any CPU.Build.0 = Release|Any CPU
		{6D03E66B-2AAE-4153-AEED-ED927523A014}.Debug|Any CPU.ActiveCfg = Debug|Any CPU
		{6D03E66B-2AAE-4153-AEED-ED927523A014}.Debug|Any CPU.Build.0 = Debug|Any CPU
		{6D03E66B-2AAE-4153-AEED-ED927523A014}.Release|Any CPU.ActiveCfg = Release|Any CPU
		{6D03E66B-2AAE-4153-AEED-ED927523A014}.Release|Any CPU.Build.0 = Release|Any CPU
		{8F04E161-7029-4CAC-B9D4-681F537D644F}.Debug|Any CPU.ActiveCfg = Debug|Any CPU
		{8F04E161-7029-4CAC-B9D4-681F537D644F}.Debug|Any CPU.Build.0 = Debug|Any CPU
		{8F04E161-7029-4CAC-B9D4-681F537D644F}.Release|Any CPU.ActiveCfg = Release|Any CPU
		{8F04E161-7029-4CAC-B9D4-681F537D644F}.Release|Any CPU.Build.0 = Release|Any CPU
		{899690FC-321C-4F03-A7B8-F4CD5A46E98F}.Debug|Any CPU.ActiveCfg = Debug|Any CPU
		{899690FC-321C-4F03-A7B8-F4CD5A46E98F}.Debug|Any CPU.Build.0 = Debug|Any CPU
		{899690FC-321C-4F03-A7B8-F4CD5A46E98F}.Release|Any CPU.ActiveCfg = Release|Any CPU
		{899690FC-321C-4F03-A7B8-F4CD5A46E98F}.Release|Any CPU.Build.0 = Release|Any CPU
		{C8D46812-F15B-466A-8D74-58F32656EB1A}.Debug|Any CPU.ActiveCfg = Debug|Any CPU
		{C8D46812-F15B-466A-8D74-58F32656EB1A}.Debug|Any CPU.Build.0 = Debug|Any CPU
		{C8D46812-F15B-466A-8D74-58F32656EB1A}.Release|Any CPU.ActiveCfg = Release|Any CPU
		{C8D46812-F15B-466A-8D74-58F32656EB1A}.Release|Any CPU.Build.0 = Release|Any CPU
		{F3F90395-B77C-4C26-B886-C79972DBC231}.Debug|Any CPU.ActiveCfg = Debug|Any CPU
		{F3F90395-B77C-4C26-B886-C79972DBC231}.Debug|Any CPU.Build.0 = Debug|Any CPU
		{F3F90395-B77C-4C26-B886-C79972DBC231}.Release|Any CPU.ActiveCfg = Release|Any CPU
		{F3F90395-B77C-4C26-B886-C79972DBC231}.Release|Any CPU.Build.0 = Release|Any CPU
		{744220B1-A955-4AE3-938F-C25F86B06D60}.Debug|Any CPU.ActiveCfg = Debug|Any CPU
		{744220B1-A955-4AE3-938F-C25F86B06D60}.Debug|Any CPU.Build.0 = Debug|Any CPU
		{744220B1-A955-4AE3-938F-C25F86B06D60}.Release|Any CPU.ActiveCfg = Release|Any CPU
		{744220B1-A955-4AE3-938F-C25F86B06D60}.Release|Any CPU.Build.0 = Release|Any CPU
	EndGlobalSection
	GlobalSection(NestedProjects) = preSolution
		{43860200-F845-457D-B444-96B1E5AE258D} = {7BD00699-0886-4A37-9793-70AA6003A9AF}
		{1A6097F9-29EE-429C-BD33-F2CEFD23D59D} = {7BD00699-0886-4A37-9793-70AA6003A9AF}
		{47400178-50E8-4836-B5A9-F350D149B675} = {7BD00699-0886-4A37-9793-70AA6003A9AF}
		{1717E5A3-3491-4B44-96E4-1B501FD0DD8F} = {7BD00699-0886-4A37-9793-70AA6003A9AF}
		{296CE9A9-43F5-4A42-80F0-51CB98DC1A2C} = {7BD00699-0886-4A37-9793-70AA6003A9AF}
		{84999B65-4B53-4321-8A21-F4886D1CBEFF} = {7BD00699-0886-4A37-9793-70AA6003A9AF}
		{28190DBB-BF05-42AF-9CEC-96E19AA7E514} = {7BD00699-0886-4A37-9793-70AA6003A9AF}
		{6D03E66B-2AAE-4153-AEED-ED927523A014} = {7BD00699-0886-4A37-9793-70AA6003A9AF}
		{8F04E161-7029-4CAC-B9D4-681F537D644F} = {7BD00699-0886-4A37-9793-70AA6003A9AF}
		{899690FC-321C-4F03-A7B8-F4CD5A46E98F} = {7BD00699-0886-4A37-9793-70AA6003A9AF}
		{C8D46812-F15B-466A-8D74-58F32656EB1A} = {7BD00699-0886-4A37-9793-70AA6003A9AF}
		{F3F90395-B77C-4C26-B886-C79972DBC231} = {7BD00699-0886-4A37-9793-70AA6003A9AF}
		{744220B1-A955-4AE3-938F-C25F86B06D60} = {7BD00699-0886-4A37-9793-70AA6003A9AF}
	EndGlobalSection
EndGlobal
